
Microsoft Visual Studio Solution File, Format Version 12.00
# Visual Studio 2012
Project("{FAE04EC0-301F-11D3-BF4B-00C04F79EFBC}") = "ReadLifes_LibraryManagement", "ReadLifes_LibraryManagement\ReadLifes_LibraryManagement.csproj", "{0EB68830-E57F-47B8-B62A-8FD42288F393}"
EndProject
Global
	GlobalSection(SolutionConfigurationPlatforms) = preSolution
		Debug|Any CPU = Debug|Any CPU
		Release|Any CPU = Release|Any CPU
	EndGlobalSection
	GlobalSection(ProjectConfigurationPlatforms) = postSolution
		{0EB68830-E57F-47B8-B62A-8FD42288F393}.Debug|Any CPU.ActiveCfg = Debug|Any CPU
		{0EB68830-E57F-47B8-B62A-8FD42288F393}.Debug|Any CPU.Build.0 = Debug|Any CPU
		{0EB68830-E57F-47B8-B62A-8FD42288F393}.Release|Any CPU.ActiveCfg = Release|Any CPU
		{0EB68830-E57F-47B8-B62A-8FD42288F393}.Release|Any CPU.Build.0 = Release|Any CPU
	EndGlobalSection
	GlobalSection(SolutionProperties) = preSolution
		HideSolutionNode = FALSE
	EndGlobalSection
EndGlobal
